
Microsoft Visual Studio Solution File, Format Version 12.00
# Visual Studio Version 17
VisualStudioVersion = 17.12.35527.113
MinimumVisualStudioVersion = 10.0.40219.1
Project("{8BC9CEB8-8B4A-11D0-8D11-00A0C91BC942}") = "GamePrograming4", "GamePrograming4.vcxproj", "{6D227369-48B0-49A3-AFA7-7E4E5803080C}"
EndProject
Project("{8BC9CEB8-8B4A-11D0-8D11-00A0C91BC942}") = "CH01_Generic Programming", "..\CH01_Generic Programming\CH01_Generic Programming.vcxproj", "{5E7376D7-2907-4F33-9D2B-2A5F57B161DC}"
EndProject
Project("{8BC9CEB8-8B4A-11D0-8D11-00A0C91BC942}") = "CH02_ConsoleGame_GenericExample", "..\CH02_ConsoleGame_GenericExample\CH02_ConsoleGame_GenericExample.vcxproj", "{40B58A37-595D-4A44-AFE1-9DB95CC9CE5F}"
EndProject
Project("{8BC9CEB8-8B4A-11D0-8D11-00A0C91BC942}") = "UtilityProject", "..\UtilityProject\UtilityProject.vcxproj", "{5A2AB703-0C02-4F02-B61B-3218F1F8B9F1}"
EndProject
Project("{8BC9CEB8-8B4A-11D0-8D11-00A0C91BC942}") = "CH03_vector", "..\CH03_vector\CH03_vector.vcxproj", "{E0FAFAE3-385C-4D5D-A470-28A2409B1FC0}"
EndProject
Project("{8BC9CEB8-8B4A-11D0-8D11-00A0C91BC942}") = "CH04_My Vector", "..\CH04_My Vector\CH04_My Vector.vcxproj", "{6A9B4582-0582-4381-91AF-AD9AC910EDAE}"
EndProject
Project("{8BC9CEB8-8B4A-11D0-8D11-00A0C91BC942}") = "CH05_STL", "..\CH05_STL\CH05_STL.vcxproj", "{8DCA2879-2E3B-4A0A-91F2-6668BDFE4FAE}"
EndProject
Global
	GlobalSection(SolutionConfigurationPlatforms) = preSolution
		Debug|x64 = Debug|x64
		Debug|x86 = Debug|x86
		Release|x64 = Release|x64
		Release|x86 = Release|x86
	EndGlobalSection
	GlobalSection(ProjectConfigurationPlatforms) = postSolution
		{6D227369-48B0-49A3-AFA7-7E4E5803080C}.Debug|x64.ActiveCfg = Debug|x64
		{6D227369-48B0-49A3-AFA7-7E4E5803080C}.Debug|x64.Build.0 = Debug|x64
		{6D227369-48B0-49A3-AFA7-7E4E5803080C}.Debug|x86.ActiveCfg = Debug|Win32
		{6D227369-48B0-49A3-AFA7-7E4E5803080C}.Debug|x86.Build.0 = Debug|Win32
		{6D227369-48B0-49A3-AFA7-7E4E5803080C}.Release|x64.ActiveCfg = Release|x64
		{6D227369-48B0-49A3-AFA7-7E4E5803080C}.Release|x64.Build.0 = Release|x64
		{6D227369-48B0-49A3-AFA7-7E4E5803080C}.Release|x86.ActiveCfg = Release|Win32
		{6D227369-48B0-49A3-AFA7-7E4E5803080C}.Release|x86.Build.0 = Release|Win32
		{5E7376D7-2907-4F33-9D2B-2A5F57B161DC}.Debug|x64.ActiveCfg = Debug|x64
		{5E7376D7-2907-4F33-9D2B-2A5F57B161DC}.Debug|x64.Build.0 = Debug|x64
		{5E7376D7-2907-4F33-9D2B-2A5F57B161DC}.Debug|x86.ActiveCfg = Debug|Win32
		{5E7376D7-2907-4F33-9D2B-2A5F57B161DC}.Debug|x86.Build.0 = Debug|Win32
		{5E7376D7-2907-4F33-9D2B-2A5F57B161DC}.Release|x64.ActiveCfg = Release|x64
		{5E7376D7-2907-4F33-9D2B-2A5F57B161DC}.Release|x64.Build.0 = Release|x64
		{5E7376D7-2907-4F33-9D2B-2A5F57B161DC}.Release|x86.ActiveCfg = Release|Win32
		{5E7376D7-2907-4F33-9D2B-2A5F57B161DC}.Release|x86.Build.0 = Release|Win32
		{40B58A37-595D-4A44-AFE1-9DB95CC9CE5F}.Debug|x64.ActiveCfg = Debug|x64
		{40B58A37-595D-4A44-AFE1-9DB95CC9CE5F}.Debug|x64.Build.0 = Debug|x64
		{40B58A37-595D-4A44-AFE1-9DB95CC9CE5F}.Debug|x86.ActiveCfg = Debug|Win32
		{40B58A37-595D-4A44-AFE1-9DB95CC9CE5F}.Debug|x86.Build.0 = Debug|Win32
		{40B58A37-595D-4A44-AFE1-9DB95CC9CE5F}.Release|x64.ActiveCfg = Release|x64
		{40B58A37-595D-4A44-AFE1-9DB95CC9CE5F}.Release|x64.Build.0 = Release|x64
		{40B58A37-595D-4A44-AFE1-9DB95CC9CE5F}.Release|x86.ActiveCfg = Release|Win32
		{40B58A37-595D-4A44-AFE1-9DB95CC9CE5F}.Release|x86.Build.0 = Release|Win32
		{5A2AB703-0C02-4F02-B61B-3218F1F8B9F1}.Debug|x64.ActiveCfg = Debug|x64
		{5A2AB703-0C02-4F02-B61B-3218F1F8B9F1}.Debug|x64.Build.0 = Debug|x64
		{5A2AB703-0C02-4F02-B61B-3218F1F8B9F1}.Debug|x86.ActiveCfg = Debug|Win32
		{5A2AB703-0C02-4F02-B61B-3218F1F8B9F1}.Debug|x86.Build.0 = Debug|Win32
		{5A2AB703-0C02-4F02-B61B-3218F1F8B9F1}.Release|x64.ActiveCfg = Release|x64
		{5A2AB703-0C02-4F02-B61B-3218F1F8B9F1}.Release|x64.Build.0 = Release|x64
		{5A2AB703-0C02-4F02-B61B-3218F1F8B9F1}.Release|x86.ActiveCfg = Release|Win32
		{5A2AB703-0C02-4F02-B61B-3218F1F8B9F1}.Release|x86.Build.0 = Release|Win32
		{E0FAFAE3-385C-4D5D-A470-28A2409B1FC0}.Debug|x64.ActiveCfg = Debug|x64
		{E0FAFAE3-385C-4D5D-A470-28A2409B1FC0}.Debug|x64.Build.0 = Debug|x64
		{E0FAFAE3-385C-4D5D-A470-28A2409B1FC0}.Debug|x86.ActiveCfg = Debug|Win32
		{E0FAFAE3-385C-4D5D-A470-28A2409B1FC0}.Debug|x86.Build.0 = Debug|Win32
		{E0FAFAE3-385C-4D5D-A470-28A2409B1FC0}.Release|x64.ActiveCfg = Release|x64
		{E0FAFAE3-385C-4D5D-A470-28A2409B1FC0}.Release|x64.Build.0 = Release|x64
		{E0FAFAE3-385C-4D5D-A470-28A2409B1FC0}.Release|x86.ActiveCfg = Release|Win32
		{E0FAFAE3-385C-4D5D-A470-28A2409B1FC0}.Release|x86.Build.0 = Release|Win32
		{6A9B4582-0582-4381-91AF-AD9AC910EDAE}.Debug|x64.ActiveCfg = Debug|x64
		{6A9B4582-0582-4381-91AF-AD9AC910EDAE}.Debug|x64.Build.0 = Debug|x64
		{6A9B4582-0582-4381-91AF-AD9AC910EDAE}.Debug|x86.ActiveCfg = Debug|Win32
		{6A9B4582-0582-4381-91AF-AD9AC910EDAE}.Debug|x86.Build.0 = Debug|Win32
		{6A9B4582-0582-4381-91AF-AD9AC910EDAE}.Release|x64.ActiveCfg = Release|x64
		{6A9B4582-0582-4381-91AF-AD9AC910EDAE}.Release|x64.Build.0 = Release|x64
		{6A9B4582-0582-4381-91AF-AD9AC910EDAE}.Release|x86.ActiveCfg = Release|Win32
		{6A9B4582-0582-4381-91AF-AD9AC910EDAE}.Release|x86.Build.0 = Release|Win32
		{8DCA2879-2E3B-4A0A-91F2-6668BDFE4FAE}.Debug|x64.ActiveCfg = Debug|x64
		{8DCA2879-2E3B-4A0A-91F2-6668BDFE4FAE}.Debug|x64.Build.0 = Debug|x64
		{8DCA2879-2E3B-4A0A-91F2-6668BDFE4FAE}.Debug|x86.ActiveCfg = Debug|Win32
		{8DCA2879-2E3B-4A0A-91F2-6668BDFE4FAE}.Debug|x86.Build.0 = Debug|Win32
		{8DCA2879-2E3B-4A0A-91F2-6668BDFE4FAE}.Release|x64.ActiveCfg = Release|x64
		{8DCA2879-2E3B-4A0A-91F2-6668BDFE4FAE}.Release|x64.Build.0 = Release|x64
		{8DCA2879-2E3B-4A0A-91F2-6668BDFE4FAE}.Release|x86.ActiveCfg = Release|Win32
		{8DCA2879-2E3B-4A0A-91F2-6668BDFE4FAE}.Release|x86.Build.0 = Release|Win32
	EndGlobalSection
	GlobalSection(SolutionProperties) = preSolution
		HideSolutionNode = FALSE
	EndGlobalSection
EndGlobal
